
Microsoft Visual Studio Solution File, Format Version 12.00
# Visual Studio 15
VisualStudioVersion = 15.0.28307.1062
MinimumVisualStudioVersion = 10.0.40219.1
Project("{FAE04EC0-301F-11D3-BF4B-00C04F79EFBC}") = "OrderDemo", "OrderDemo\OrderDemo.csproj", "{3794823B-0B81-48B8-8773-443276845F02}"
EndProject
Project("{FAE04EC0-301F-11D3-BF4B-00C04F79EFBC}") = "OrderDemoTests", "OrderDemoTests\OrderDemoTests.csproj", "{043B05AC-A825-4A00-85C2-37537F09CCF4}"
EndProject
Global
	GlobalSection(SolutionConfigurationPlatforms) = preSolution
		Debug|Any CPU = Debug|Any CPU
		Release|Any CPU = Release|Any CPU
	EndGlobalSection
	GlobalSection(ProjectConfigurationPlatforms) = postSolution
		{3794823B-0B81-48B8-8773-443276845F02}.Debug|Any CPU.ActiveCfg = Debug|Any CPU
		{3794823B-0B81-48B8-8773-443276845F02}.Debug|Any CPU.Build.0 = Debug|Any CPU
		{3794823B-0B81-48B8-8773-443276845F02}.Release|Any CPU.ActiveCfg = Release|Any CPU
		{3794823B-0B81-48B8-8773-443276845F02}.Release|Any CPU.Build.0 = Release|Any CPU
		{043B05AC-A825-4A00-85C2-37537F09CCF4}.Debug|Any CPU.ActiveCfg = Debug|Any CPU
		{043B05AC-A825-4A00-85C2-37537F09CCF4}.Debug|Any CPU.Build.0 = Debug|Any CPU
		{043B05AC-A825-4A00-85C2-37537F09CCF4}.Release|Any CPU.ActiveCfg = Release|Any CPU
		{043B05AC-A825-4A00-85C2-37537F09CCF4}.Release|Any CPU.Build.0 = Release|Any CPU
	EndGlobalSection
	GlobalSection(SolutionProperties) = preSolution
		HideSolutionNode = FALSE
	EndGlobalSection
	GlobalSection(ExtensibilityGlobals) = postSolution
		SolutionGuid = {9E661EC9-ECFA-41F6-933C-FB2AB3D9F1FB}
	EndGlobalSection
EndGlobal
