
Microsoft Visual Studio Solution File, Format Version 12.00
# Visual Studio 15
VisualStudioVersion = 15.0.28307.1062
MinimumVisualStudioVersion = 10.0.40219.1
Project("{FAE04EC0-301F-11D3-BF4B-00C04F79EFBC}") = "Clock", "Clock\Clock.csproj", "{3BEEC5DA-7226-4EDF-80EA-3B0A14D566F6}"
EndProject
Global
	GlobalSection(SolutionConfigurationPlatforms) = preSolution
		Debug|Any CPU = Debug|Any CPU
		Release|Any CPU = Release|Any CPU
	EndGlobalSection
	GlobalSection(ProjectConfigurationPlatforms) = postSolution
		{3BEEC5DA-7226-4EDF-80EA-3B0A14D566F6}.Debug|Any CPU.ActiveCfg = Debug|Any CPU
		{3BEEC5DA-7226-4EDF-80EA-3B0A14D566F6}.Debug|Any CPU.Build.0 = Debug|Any CPU
		{3BEEC5DA-7226-4EDF-80EA-3B0A14D566F6}.Release|Any CPU.ActiveCfg = Release|Any CPU
		{3BEEC5DA-7226-4EDF-80EA-3B0A14D566F6}.Release|Any CPU.Build.0 = Release|Any CPU
	EndGlobalSection
	GlobalSection(SolutionProperties) = preSolution
		HideSolutionNode = FALSE
	EndGlobalSection
	GlobalSection(ExtensibilityGlobals) = postSolution
		SolutionGuid = {8B22E5C9-9BF6-4814-A6B6-0F958BB63707}
	EndGlobalSection
EndGlobal
